
Microsoft Visual Studio Solution File, Format Version 12.00
# Visual Studio 14
VisualStudioVersion = 14.0.25420.1
MinimumVisualStudioVersion = 10.0.40219.1
Project("{FAE04EC0-301F-11D3-BF4B-00C04F79EFBC}") = "SportGames", "SportGames\SportGames.csproj", "{3C5070BE-94DD-4488-8DE5-8DE731678EAD}"
EndProject
Project("{FAE04EC0-301F-11D3-BF4B-00C04F79EFBC}") = "SportGamesTests", "SportGamesTests\SportGamesTests.csproj", "{C18FA166-50A5-42AC-BC82-8B54E79C9403}"
EndProject
Project("{FAE04EC0-301F-11D3-BF4B-00C04F79EFBC}") = "SportGames.UI", "SportGames.UI\SportGames.UI.csproj", "{D7A4C3BC-46A2-4552-A6D9-8F2430D5924F}"
EndProject
Global
	GlobalSection(SolutionConfigurationPlatforms) = preSolution
		Debug|Any CPU = Debug|Any CPU
		Release|Any CPU = Release|Any CPU
	EndGlobalSection
	GlobalSection(ProjectConfigurationPlatforms) = postSolution
		{3C5070BE-94DD-4488-8DE5-8DE731678EAD}.Debug|Any CPU.ActiveCfg = Debug|Any CPU
		{3C5070BE-94DD-4488-8DE5-8DE731678EAD}.Debug|Any CPU.Build.0 = Debug|Any CPU
		{3C5070BE-94DD-4488-8DE5-8DE731678EAD}.Release|Any CPU.ActiveCfg = Release|Any CPU
		{3C5070BE-94DD-4488-8DE5-8DE731678EAD}.Release|Any CPU.Build.0 = Release|Any CPU
		{C18FA166-50A5-42AC-BC82-8B54E79C9403}.Debug|Any CPU.ActiveCfg = Debug|Any CPU
		{C18FA166-50A5-42AC-BC82-8B54E79C9403}.Debug|Any CPU.Build.0 = Debug|Any CPU
		{C18FA166-50A5-42AC-BC82-8B54E79C9403}.Release|Any CPU.ActiveCfg = Release|Any CPU
		{C18FA166-50A5-42AC-BC82-8B54E79C9403}.Release|Any CPU.Build.0 = Release|Any CPU
		{D7A4C3BC-46A2-4552-A6D9-8F2430D5924F}.Debug|Any CPU.ActiveCfg = Debug|Any CPU
		{D7A4C3BC-46A2-4552-A6D9-8F2430D5924F}.Debug|Any CPU.Build.0 = Debug|Any CPU
		{D7A4C3BC-46A2-4552-A6D9-8F2430D5924F}.Release|Any CPU.ActiveCfg = Release|Any CPU
		{D7A4C3BC-46A2-4552-A6D9-8F2430D5924F}.Release|Any CPU.Build.0 = Release|Any CPU
	EndGlobalSection
	GlobalSection(SolutionProperties) = preSolution
		HideSolutionNode = FALSE
	EndGlobalSection
EndGlobal
